
Microsoft Visual Studio Solution File, Format Version 12.00
# Visual Studio Version 17
VisualStudioVersion = 17.0.31903.59
MinimumVisualStudioVersion = 10.0.40219.1
Project("{FAE04EC0-301F-11D3-BF4B-00C04F79EFBC}") = "ChefKnife.MenuReader.WebAPI", "src\ChefKnife.MenuReader.WebAPI\ChefKnife.MenuReader.WebAPI.csproj", "{22567A31-C9BE-4C13-AB07-E81AC11FC852}"
EndProject
Project("{FAE04EC0-301F-11D3-BF4B-00C04F79EFBC}") = "ChefKnife.MenuReader.Core", "src\ChefKnife.MenuReader.Core\ChefKnife.MenuReader.Core.csproj", "{71B271E5-B0E4-42EB-B761-0E5AAC97ACFE}"
EndProject
Global
	GlobalSection(SolutionConfigurationPlatforms) = preSolution
		Debug|Any CPU = Debug|Any CPU
		Release|Any CPU = Release|Any CPU
	EndGlobalSection
	GlobalSection(ProjectConfigurationPlatforms) = postSolution
		{22567A31-C9BE-4C13-AB07-E81AC11FC852}.Debug|Any CPU.ActiveCfg = Debug|Any CPU
		{22567A31-C9BE-4C13-AB07-E81AC11FC852}.Debug|Any CPU.Build.0 = Debug|Any CPU
		{22567A31-C9BE-4C13-AB07-E81AC11FC852}.Release|Any CPU.ActiveCfg = Release|Any CPU
		{22567A31-C9BE-4C13-AB07-E81AC11FC852}.Release|Any CPU.Build.0 = Release|Any CPU
		{71B271E5-B0E4-42EB-B761-0E5AAC97ACFE}.Debug|Any CPU.ActiveCfg = Debug|Any CPU
		{71B271E5-B0E4-42EB-B761-0E5AAC97ACFE}.Debug|Any CPU.Build.0 = Debug|Any CPU
		{71B271E5-B0E4-42EB-B761-0E5AAC97ACFE}.Release|Any CPU.ActiveCfg = Release|Any CPU
		{71B271E5-B0E4-42EB-B761-0E5AAC97ACFE}.Release|Any CPU.Build.0 = Release|Any CPU
	EndGlobalSection
	GlobalSection(SolutionProperties) = preSolution
		HideSolutionNode = FALSE
	EndGlobalSection
EndGlobal
